
Microsoft Visual Studio Solution File, Format Version 12.00
# Visual Studio Version 16
VisualStudioVersion = 16.0.28711.60
MinimumVisualStudioVersion = 10.0.40219.1
Project("{FAE04EC0-301F-11D3-BF4B-00C04F79EFBC}") = "PrintZpl", "PrintZpl\PrintZpl.csproj", "{1B1733D1-FE8E-4856-923A-55DE4B73762F}"
EndProject
Project("{FAE04EC0-301F-11D3-BF4B-00C04F79EFBC}") = "PrintLinkOS", "PrintLinkOS\PrintLinkOS.csproj", "{2C0D74EE-E525-494E-9015-8F4F8A080E72}"
EndProject
Project("{2150E333-8FDC-42A3-9474-1A3956D46DE8}") = "Solution Items", "Solution Items", "{AE547569-736C-48DF-829C-5154C8F8EFE5}"
	ProjectSection(SolutionItems) = preProject
		readme.md = readme.md
	EndProjectSection
EndProject
Project("{9A19103F-16F7-4668-BE54-9A1E7A4F7556}") = "SimpleDoc", "SimpleDoc\SimpleDoc.csproj", "{E50B695A-0742-46AA-9350-015145702EF0}"
EndProject
Global
	GlobalSection(SolutionConfigurationPlatforms) = preSolution
		Debug|Any CPU = Debug|Any CPU
		Release|Any CPU = Release|Any CPU
	EndGlobalSection
	GlobalSection(ProjectConfigurationPlatforms) = postSolution
		{1B1733D1-FE8E-4856-923A-55DE4B73762F}.Debug|Any CPU.ActiveCfg = Debug|Any CPU
		{1B1733D1-FE8E-4856-923A-55DE4B73762F}.Debug|Any CPU.Build.0 = Debug|Any CPU
		{1B1733D1-FE8E-4856-923A-55DE4B73762F}.Release|Any CPU.ActiveCfg = Release|Any CPU
		{1B1733D1-FE8E-4856-923A-55DE4B73762F}.Release|Any CPU.Build.0 = Release|Any CPU
		{2C0D74EE-E525-494E-9015-8F4F8A080E72}.Debug|Any CPU.ActiveCfg = Debug|Any CPU
		{2C0D74EE-E525-494E-9015-8F4F8A080E72}.Debug|Any CPU.Build.0 = Debug|Any CPU
		{2C0D74EE-E525-494E-9015-8F4F8A080E72}.Release|Any CPU.ActiveCfg = Release|Any CPU
		{2C0D74EE-E525-494E-9015-8F4F8A080E72}.Release|Any CPU.Build.0 = Release|Any CPU
		{E50B695A-0742-46AA-9350-015145702EF0}.Debug|Any CPU.ActiveCfg = Debug|Any CPU
		{E50B695A-0742-46AA-9350-015145702EF0}.Debug|Any CPU.Build.0 = Debug|Any CPU
		{E50B695A-0742-46AA-9350-015145702EF0}.Release|Any CPU.ActiveCfg = Release|Any CPU
		{E50B695A-0742-46AA-9350-015145702EF0}.Release|Any CPU.Build.0 = Release|Any CPU
	EndGlobalSection
	GlobalSection(SolutionProperties) = preSolution
		HideSolutionNode = FALSE
	EndGlobalSection
	GlobalSection(ExtensibilityGlobals) = postSolution
		SolutionGuid = {E2FF44E2-C5AC-4328-8876-34696E21737A}
	EndGlobalSection
EndGlobal
