
Microsoft Visual Studio Solution File, Format Version 12.00
# Visual Studio 15
VisualStudioVersion = 15.0.27428.2015
MinimumVisualStudioVersion = 10.0.40219.1
Project("{FAE04EC0-301F-11D3-BF4B-00C04F79EFBC}") = "PrintZpl", "PrintZpl\PrintZpl.csproj", "{1B1733D1-FE8E-4856-923A-55DE4B73762F}"
EndProject
Global
	GlobalSection(SolutionConfigurationPlatforms) = preSolution
		Debug|Any CPU = Debug|Any CPU
		Release|Any CPU = Release|Any CPU
	EndGlobalSection
	GlobalSection(ProjectConfigurationPlatforms) = postSolution
		{1B1733D1-FE8E-4856-923A-55DE4B73762F}.Debug|Any CPU.ActiveCfg = Debug|Any CPU
		{1B1733D1-FE8E-4856-923A-55DE4B73762F}.Debug|Any CPU.Build.0 = Debug|Any CPU
		{1B1733D1-FE8E-4856-923A-55DE4B73762F}.Release|Any CPU.ActiveCfg = Release|Any CPU
		{1B1733D1-FE8E-4856-923A-55DE4B73762F}.Release|Any CPU.Build.0 = Release|Any CPU
	EndGlobalSection
	GlobalSection(SolutionProperties) = preSolution
		HideSolutionNode = FALSE
	EndGlobalSection
	GlobalSection(ExtensibilityGlobals) = postSolution
		SolutionGuid = {E2FF44E2-C5AC-4328-8876-34696E21737A}
	EndGlobalSection
EndGlobal
